// !$*UTF8*$!
{
	archiveVersion = 1;
	classes = {
	};
	objectVersion = 56;
	objects = {

/* Begin PBXBuildFile section */
		960CE1442C5D588F00E080FB /* PassengerTabBarController.swift in Sources */ = {isa = PBXBuildFile; fileRef = 960CE1432C5D588F00E080FB /* PassengerTabBarController.swift */; };
		960CE1462C5D58A400E080FB /* DriverTabBarController.swift in Sources */ = {isa = PBXBuildFile; fileRef = 960CE1452C5D58A400E080FB /* DriverTabBarController.swift */; };
		960CE1482C5D64B700E080FB /* PassengerHomeViewController.swift in Sources */ = {isa = PBXBuildFile; fileRef = 960CE1472C5D64B700E080FB /* PassengerHomeViewController.swift */; };
		960CE14A2C5D64D900E080FB /* PassengerBookingsViewController.swift in Sources */ = {isa = PBXBuildFile; fileRef = 960CE1492C5D64D900E080FB /* PassengerBookingsViewController.swift */; };
		960CE14C2C5D64F000E080FB /* PassengerProfileViewController.swift in Sources */ = {isa = PBXBuildFile; fileRef = 960CE14B2C5D64F000E080FB /* PassengerProfileViewController.swift */; };
		960CE14E2C5D651200E080FB /* DriverProfileViewController.swift in Sources */ = {isa = PBXBuildFile; fileRef = 960CE14D2C5D651200E080FB /* DriverProfileViewController.swift */; };
		960CE1502C5D652600E080FB /* DriverRequestsViewController.swift in Sources */ = {isa = PBXBuildFile; fileRef = 960CE14F2C5D652600E080FB /* DriverRequestsViewController.swift */; };
		960CE15A2C5D7A3300E080FB /* RideDetailsViewController.swift in Sources */ = {isa = PBXBuildFile; fileRef = 960CE1592C5D7A3300E080FB /* RideDetailsViewController.swift */; };
		960CE15C2C5D81F900E080FB /* DriverListViewController.swift in Sources */ = {isa = PBXBuildFile; fileRef = 960CE15B2C5D81F900E080FB /* DriverListViewController.swift */; };
		960CE15E2C5D8BD200E080FB /* DriverTableViewCell.swift in Sources */ = {isa = PBXBuildFile; fileRef = 960CE15D2C5D8BD200E080FB /* DriverTableViewCell.swift */; };
		961D22022C5EFDCB009798B0 /* SuccessViewController.swift in Sources */ = {isa = PBXBuildFile; fileRef = 961D22012C5EFDCB009798B0 /* SuccessViewController.swift */; };
		9629B4142C5FE0D300BD60C9 /* BookingTableViewCell.swift in Sources */ = {isa = PBXBuildFile; fileRef = 9629B4132C5FE0D300BD60C9 /* BookingTableViewCell.swift */; };
		9629B4162C60A43700BD60C9 /* RideRequestTableViewCell.swift in Sources */ = {isa = PBXBuildFile; fileRef = 9629B4152C60A43700BD60C9 /* RideRequestTableViewCell.swift */; };
		96A760332C49C29D00F858BB /* LoginViewController.swift in Sources */ = {isa = PBXBuildFile; fileRef = 96A760322C49C29C00F858BB /* LoginViewController.swift */; };
		96C9A7222C48810A006ABB2C /* AppDelegate.swift in Sources */ = {isa = PBXBuildFile; fileRef = 96C9A7212C48810A006ABB2C /* AppDelegate.swift */; };
		96C9A7242C48810A006ABB2C /* SceneDelegate.swift in Sources */ = {isa = PBXBuildFile; fileRef = 96C9A7232C48810A006ABB2C /* SceneDelegate.swift */; };
		96C9A7262C48810A006ABB2C /* ViewController.swift in Sources */ = {isa = PBXBuildFile; fileRef = 96C9A7252C48810A006ABB2C /* ViewController.swift */; };
		96C9A7292C48810A006ABB2C /* Base in Resources */ = {isa = PBXBuildFile; fileRef = 96C9A7282C48810A006ABB2C /* Base */; };
		96C9A72C2C48810A006ABB2C /* Driveme_iOS.xcdatamodeld in Sources */ = {isa = PBXBuildFile; fileRef = 96C9A72A2C48810A006ABB2C /* Driveme_iOS.xcdatamodeld */; };
		96C9A72E2C48810C006ABB2C /* Assets.xcassets in Resources */ = {isa = PBXBuildFile; fileRef = 96C9A72D2C48810C006ABB2C /* Assets.xcassets */; };
		96C9A7312C48810C006ABB2C /* Base in Resources */ = {isa = PBXBuildFile; fileRef = 96C9A7302C48810C006ABB2C /* Base */; };
		96C9A7392C48D406006ABB2C /* RegistrationViewController.swift in Sources */ = {isa = PBXBuildFile; fileRef = 96C9A7382C48D406006ABB2C /* RegistrationViewController.swift */; };
/* End PBXBuildFile section */

/* Begin PBXFileReference section */
		960CE1432C5D588F00E080FB /* PassengerTabBarController.swift */ = {isa = PBXFileReference; lastKnownFileType = sourcecode.swift; name = PassengerTabBarController.swift; path = ../PassengerTabBarController.swift; sourceTree = "<group>"; };
		960CE1452C5D58A400E080FB /* DriverTabBarController.swift */ = {isa = PBXFileReference; lastKnownFileType = sourcecode.swift; name = DriverTabBarController.swift; path = ../DriverTabBarController.swift; sourceTree = "<group>"; };
		960CE1472C5D64B700E080FB /* PassengerHomeViewController.swift */ = {isa = PBXFileReference; lastKnownFileType = sourcecode.swift; path = PassengerHomeViewController.swift; sourceTree = "<group>"; };
		960CE1492C5D64D900E080FB /* PassengerBookingsViewController.swift */ = {isa = PBXFileReference; lastKnownFileType = sourcecode.swift; path = PassengerBookingsViewController.swift; sourceTree = "<group>"; };
		960CE14B2C5D64F000E080FB /* PassengerProfileViewController.swift */ = {isa = PBXFileReference; lastKnownFileType = sourcecode.swift; path = PassengerProfileViewController.swift; sourceTree = "<group>"; };
		960CE14D2C5D651200E080FB /* DriverProfileViewController.swift */ = {isa = PBXFileReference; lastKnownFileType = sourcecode.swift; path = DriverProfileViewController.swift; sourceTree = "<group>"; };
		960CE14F2C5D652600E080FB /* DriverRequestsViewController.swift */ = {isa = PBXFileReference; lastKnownFileType = sourcecode.swift; path = DriverRequestsViewController.swift; sourceTree = "<group>"; };
		960CE1592C5D7A3300E080FB /* RideDetailsViewController.swift */ = {isa = PBXFileReference; lastKnownFileType = sourcecode.swift; path = RideDetailsViewController.swift; sourceTree = "<group>"; };
		960CE15B2C5D81F900E080FB /* DriverListViewController.swift */ = {isa = PBXFileReference; lastKnownFileType = sourcecode.swift; path = DriverListViewController.swift; sourceTree = "<group>"; };
		960CE15D2C5D8BD200E080FB /* DriverTableViewCell.swift */ = {isa = PBXFileReference; lastKnownFileType = sourcecode.swift; path = DriverTableViewCell.swift; sourceTree = "<group>"; };
		961D22012C5EFDCB009798B0 /* SuccessViewController.swift */ = {isa = PBXFileReference; lastKnownFileType = sourcecode.swift; path = SuccessViewController.swift; sourceTree = "<group>"; };
		9629B4132C5FE0D300BD60C9 /* BookingTableViewCell.swift */ = {isa = PBXFileReference; lastKnownFileType = sourcecode.swift; path = BookingTableViewCell.swift; sourceTree = "<group>"; };
		9629B4152C60A43700BD60C9 /* RideRequestTableViewCell.swift */ = {isa = PBXFileReference; lastKnownFileType = sourcecode.swift; path = RideRequestTableViewCell.swift; sourceTree = "<group>"; };
		96A760322C49C29C00F858BB /* LoginViewController.swift */ = {isa = PBXFileReference; lastKnownFileType = sourcecode.swift; path = LoginViewController.swift; sourceTree = "<group>"; };
		96C9A71E2C48810A006ABB2C /* Driveme_iOS.app */ = {isa = PBXFileReference; explicitFileType = wrapper.application; includeInIndex = 0; path = Driveme_iOS.app; sourceTree = BUILT_PRODUCTS_DIR; };
		96C9A7212C48810A006ABB2C /* AppDelegate.swift */ = {isa = PBXFileReference; lastKnownFileType = sourcecode.swift; path = AppDelegate.swift; sourceTree = "<group>"; };
		96C9A7232C48810A006ABB2C /* SceneDelegate.swift */ = {isa = PBXFileReference; lastKnownFileType = sourcecode.swift; path = SceneDelegate.swift; sourceTree = "<group>"; };
		96C9A7252C48810A006ABB2C /* ViewController.swift */ = {isa = PBXFileReference; lastKnownFileType = sourcecode.swift; path = ViewController.swift; sourceTree = "<group>"; };
		96C9A7282C48810A006ABB2C /* Base */ = {isa = PBXFileReference; lastKnownFileType = file.storyboard; name = Base; path = Base.lproj/Main.storyboard; sourceTree = "<group>"; };
		96C9A72B2C48810A006ABB2C /* Driveme_iOS.xcdatamodel */ = {isa = PBXFileReference; lastKnownFileType = wrapper.xcdatamodel; path = Driveme_iOS.xcdatamodel; sourceTree = "<group>"; };
		96C9A72D2C48810C006ABB2C /* Assets.xcassets */ = {isa = PBXFileReference; lastKnownFileType = folder.assetcatalog; path = Assets.xcassets; sourceTree = "<group>"; };
		96C9A7302C48810C006ABB2C /* Base */ = {isa = PBXFileReference; lastKnownFileType = file.storyboard; name = Base; path = Base.lproj/LaunchScreen.storyboard; sourceTree = "<group>"; };
		96C9A7322C48810C006ABB2C /* Info.plist */ = {isa = PBXFileReference; lastKnownFileType = text.plist.xml; path = Info.plist; sourceTree = "<group>"; };
		96C9A7382C48D406006ABB2C /* RegistrationViewController.swift */ = {isa = PBXFileReference; lastKnownFileType = sourcecode.swift; path = RegistrationViewController.swift; sourceTree = "<group>"; };
/* End PBXFileReference section */

/* Begin PBXFrameworksBuildPhase section */
		96C9A71B2C48810A006ABB2C /* Frameworks */ = {
			isa = PBXFrameworksBuildPhase;
			buildActionMask = 2147483647;
			files = (
			);
			runOnlyForDeploymentPostprocessing = 0;
		};
/* End PBXFrameworksBuildPhase section */

/* Begin PBXGroup section */
		96A760382C49D81E00F858BB /* ViewControllers */ = {
			isa = PBXGroup;
			children = (
				96C9A7252C48810A006ABB2C /* ViewController.swift */,
				96C9A7382C48D406006ABB2C /* RegistrationViewController.swift */,
				96A760322C49C29C00F858BB /* LoginViewController.swift */,
				960CE1472C5D64B700E080FB /* PassengerHomeViewController.swift */,
				960CE1492C5D64D900E080FB /* PassengerBookingsViewController.swift */,
				960CE14B2C5D64F000E080FB /* PassengerProfileViewController.swift */,
				960CE14D2C5D651200E080FB /* DriverProfileViewController.swift */,
				960CE14F2C5D652600E080FB /* DriverRequestsViewController.swift */,
				960CE1592C5D7A3300E080FB /* RideDetailsViewController.swift */,
				960CE15B2C5D81F900E080FB /* DriverListViewController.swift */,
				960CE15D2C5D8BD200E080FB /* DriverTableViewCell.swift */,
				961D22012C5EFDCB009798B0 /* SuccessViewController.swift */,
				9629B4132C5FE0D300BD60C9 /* BookingTableViewCell.swift */,
				9629B4152C60A43700BD60C9 /* RideRequestTableViewCell.swift */,
			);
			path = ViewControllers;
			sourceTree = "<group>";
		};
		96A760392C49D95D00F858BB /* Resources */ = {
			isa = PBXGroup;
			children = (
				96C9A7272C48810A006ABB2C /* Main.storyboard */,
				96C9A72F2C48810C006ABB2C /* LaunchScreen.storyboard */,
				96C9A72D2C48810C006ABB2C /* Assets.xcassets */,
			);
			path = Resources;
			sourceTree = "<group>";
		};
		96A7603A2C49D99E00F858BB /* Models */ = {
			isa = PBXGroup;
			children = (
			);
			path = Models;
			sourceTree = "<group>";
		};
		96A7603B2C49D9AC00F858BB /* Views */ = {
			isa = PBXGroup;
			children = (
			);
			path = Views;
			sourceTree = "<group>";
		};
		96A7603C2C49D9B400F858BB /* Helpers */ = {
			isa = PBXGroup;
			children = (
			);
			path = Helpers;
			sourceTree = "<group>";
		};
		96C9A7152C48810A006ABB2C = {
			isa = PBXGroup;
			children = (
				96C9A7202C48810A006ABB2C /* Driveme_iOS */,
				96C9A71F2C48810A006ABB2C /* Products */,
			);
			sourceTree = "<group>";
		};
		96C9A71F2C48810A006ABB2C /* Products */ = {
			isa = PBXGroup;
			children = (
				96C9A71E2C48810A006ABB2C /* Driveme_iOS.app */,
			);
			name = Products;
			sourceTree = "<group>";
		};
		96C9A7202C48810A006ABB2C /* Driveme_iOS */ = {
			isa = PBXGroup;
			children = (
				96A7603C2C49D9B400F858BB /* Helpers */,
				96A7603B2C49D9AC00F858BB /* Views */,
				96A7603A2C49D99E00F858BB /* Models */,
				96A760392C49D95D00F858BB /* Resources */,
				96C9A7212C48810A006ABB2C /* AppDelegate.swift */,
				96C9A7232C48810A006ABB2C /* SceneDelegate.swift */,
				960CE1432C5D588F00E080FB /* PassengerTabBarController.swift */,
				960CE1452C5D58A400E080FB /* DriverTabBarController.swift */,
				96A760382C49D81E00F858BB /* ViewControllers */,
				96C9A72A2C48810A006ABB2C /* Driveme_iOS.xcdatamodeld */,
				96C9A7322C48810C006ABB2C /* Info.plist */,
			);
			path = Driveme_iOS;
			sourceTree = "<group>";
		};
/* End PBXGroup section */

/* Begin PBXNativeTarget section */
		96C9A71D2C48810A006ABB2C /* Driveme_iOS */ = {
			isa = PBXNativeTarget;
			buildConfigurationList = 96C9A7352C48810C006ABB2C /* Build configuration list for PBXNativeTarget "Driveme_iOS" */;
			buildPhases = (
				96C9A71A2C48810A006ABB2C /* Sources */,
				96C9A71B2C48810A006ABB2C /* Frameworks */,
				96C9A71C2C48810A006ABB2C /* Resources */,
			);
			buildRules = (
			);
			dependencies = (
			);
			name = Driveme_iOS;
			productName = Driveme_iOS;
			productReference = 96C9A71E2C48810A006ABB2C /* Driveme_iOS.app */;
			productType = "com.apple.product-type.application";
		};
/* End PBXNativeTarget section */

/* Begin PBXProject section */
		96C9A7162C48810A006ABB2C /* Project object */ = {
			isa = PBXProject;
			attributes = {
				BuildIndependentTargetsInParallel = 1;
				LastSwiftUpdateCheck = 1540;
				LastUpgradeCheck = 1540;
				TargetAttributes = {
					96C9A71D2C48810A006ABB2C = {
						CreatedOnToolsVersion = 15.4;
					};
				};
			};
			buildConfigurationList = 96C9A7192C48810A006ABB2C /* Build configuration list for PBXProject "Driveme_iOS" */;
			compatibilityVersion = "Xcode 14.0";
			developmentRegion = en;
			hasScannedForEncodings = 0;
			knownRegions = (
				en,
				Base,
			);
			mainGroup = 96C9A7152C48810A006ABB2C;
			productRefGroup = 96C9A71F2C48810A006ABB2C /* Products */;
			projectDirPath = "";
			projectRoot = "";
			targets = (
				96C9A71D2C48810A006ABB2C /* Driveme_iOS */,
			);
		};
/* End PBXProject section */

/* Begin PBXResourcesBuildPhase section */
		96C9A71C2C48810A006ABB2C /* Resources */ = {
			isa = PBXResourcesBuildPhase;
			buildActionMask = 2147483647;
			files = (
				96C9A72E2C48810C006ABB2C /* Assets.xcassets in Resources */,
				96C9A7312C48810C006ABB2C /* Base in Resources */,
				96C9A7292C48810A006ABB2C /* Base in Resources */,
			);
			runOnlyForDeploymentPostprocessing = 0;
		};
/* End PBXResourcesBuildPhase section */

/* Begin PBXSourcesBuildPhase section */
		96C9A71A2C48810A006ABB2C /* Sources */ = {
			isa = PBXSourcesBuildPhase;
			buildActionMask = 2147483647;
			files = (
				960CE14E2C5D651200E080FB /* DriverProfileViewController.swift in Sources */,
				960CE1482C5D64B700E080FB /* PassengerHomeViewController.swift in Sources */,
				96A760332C49C29D00F858BB /* LoginViewController.swift in Sources */,
				960CE15E2C5D8BD200E080FB /* DriverTableViewCell.swift in Sources */,
				960CE15C2C5D81F900E080FB /* DriverListViewController.swift in Sources */,
				960CE1502C5D652600E080FB /* DriverRequestsViewController.swift in Sources */,
				96C9A7262C48810A006ABB2C /* ViewController.swift in Sources */,
				960CE14A2C5D64D900E080FB /* PassengerBookingsViewController.swift in Sources */,
				96C9A7222C48810A006ABB2C /* AppDelegate.swift in Sources */,
				961D22022C5EFDCB009798B0 /* SuccessViewController.swift in Sources */,
				960CE1462C5D58A400E080FB /* DriverTabBarController.swift in Sources */,
				960CE14C2C5D64F000E080FB /* PassengerProfileViewController.swift in Sources */,
				960CE15A2C5D7A3300E080FB /* RideDetailsViewController.swift in Sources */,
				96C9A72C2C48810A006ABB2C /* Driveme_iOS.xcdatamodeld in Sources */,
				96C9A7242C48810A006ABB2C /* SceneDelegate.swift in Sources */,
				96C9A7392C48D406006ABB2C /* RegistrationViewController.swift in Sources */,
				960CE1442C5D588F00E080FB /* PassengerTabBarController.swift in Sources */,
				9629B4162C60A43700BD60C9 /* RideRequestTableViewCell.swift in Sources */,
				9629B4142C5FE0D300BD60C9 /* BookingTableViewCell.swift in Sources */,
			);
			runOnlyForDeploymentPostprocessing = 0;
		};
/* End PBXSourcesBuildPhase section */

/* Begin PBXVariantGroup section */
		96C9A7272C48810A006ABB2C /* Main.storyboard */ = {
			isa = PBXVariantGroup;
			children = (
				96C9A7282C48810A006ABB2C /* Base */,
			);
			name = Main.storyboard;
			sourceTree = "<group>";
		};
		96C9A72F2C48810C006ABB2C /* LaunchScreen.storyboard */ = {
			isa = PBXVariantGroup;
			children = (
				96C9A7302C48810C006ABB2C /* Base */,
			);
			name = LaunchScreen.storyboard;
			sourceTree = "<group>";
		};
/* End PBXVariantGroup section */

/* Begin XCBuildConfiguration section */
		96C9A7332C48810C006ABB2C /* Debug */ = {
			isa = XCBuildConfiguration;
			buildSettings = {
				ALWAYS_SEARCH_USER_PATHS = NO;
				ASSETCATALOG_COMPILER_GENERATE_SWIFT_ASSET_SYMBOL_EXTENSIONS = YES;
				CLANG_ANALYZER_NONNULL = YES;
				CLANG_ANALYZER_NUMBER_OBJECT_CONVERSION = YES_AGGRESSIVE;
				CLANG_CXX_LANGUAGE_STANDARD = "gnu++20";
				CLANG_ENABLE_MODULES = YES;
				CLANG_ENABLE_OBJC_ARC = YES;
				CLANG_ENABLE_OBJC_WEAK = YES;
				CLANG_WARN_BLOCK_CAPTURE_AUTORELEASING = YES;
				CLANG_WARN_BOOL_CONVERSION = YES;
				CLANG_WARN_COMMA = YES;
				CLANG_WARN_CONSTANT_CONVERSION = YES;
				CLANG_WARN_DEPRECATED_OBJC_IMPLEMENTATIONS = YES;
				CLANG_WARN_DIRECT_OBJC_ISA_USAGE = YES_ERROR;
				CLANG_WARN_DOCUMENTATION_COMMENTS = YES;
				CLANG_WARN_EMPTY_BODY = YES;
				CLANG_WARN_ENUM_CONVERSION = YES;
				CLANG_WARN_INFINITE_RECURSION = YES;
				CLANG_WARN_INT_CONVERSION = YES;
				CLANG_WARN_NON_LITERAL_NULL_CONVERSION = YES;
				CLANG_WARN_OBJC_IMPLICIT_RETAIN_SELF = YES;
				CLANG_WARN_OBJC_LITERAL_CONVERSION = YES;
				CLANG_WARN_OBJC_ROOT_CLASS = YES_ERROR;
				CLANG_WARN_QUOTED_INCLUDE_IN_FRAMEWORK_HEADER = YES;
				CLANG_WARN_RANGE_LOOP_ANALYSIS = YES;
				CLANG_WARN_STRICT_PROTOTYPES = YES;
				CLANG_WARN_SUSPICIOUS_MOVE = YES;
				CLANG_WARN_UNGUARDED_AVAILABILITY = YES_AGGRESSIVE;
				CLANG_WARN_UNREACHABLE_CODE = YES;
				CLANG_WARN__DUPLICATE_METHOD_MATCH = YES;
				COPY_PHASE_STRIP = NO;
				DEBUG_INFORMATION_FORMAT = dwarf;
				ENABLE_STRICT_OBJC_MSGSEND = YES;
				ENABLE_TESTABILITY = YES;
				ENABLE_USER_SCRIPT_SANDBOXING = YES;
				GCC_C_LANGUAGE_STANDARD = gnu17;
				GCC_DYNAMIC_NO_PIC = NO;
				GCC_NO_COMMON_BLOCKS = YES;
				GCC_OPTIMIZATION_LEVEL = 0;
				GCC_PREPROCESSOR_DEFINITIONS = (
					"DEBUG=1",
					"$(inherited)",
				);
				GCC_WARN_64_TO_32_BIT_CONVERSION = YES;
				GCC_WARN_ABOUT_RETURN_TYPE = YES_ERROR;
				GCC_WARN_UNDECLARED_SELECTOR = YES;
				GCC_WARN_UNINITIALIZED_AUTOS = YES_AGGRESSIVE;
				GCC_WARN_UNUSED_FUNCTION = YES;
				GCC_WARN_UNUSED_VARIABLE = YES;
				IPHONEOS_DEPLOYMENT_TARGET = 17.5;
				LOCALIZATION_PREFERS_STRING_CATALOGS = YES;
				MTL_ENABLE_DEBUG_INFO = INCLUDE_SOURCE;
				MTL_FAST_MATH = YES;
				ONLY_ACTIVE_ARCH = YES;
				SDKROOT = iphoneos;
				SWIFT_ACTIVE_COMPILATION_CONDITIONS = "DEBUG $(inherited)";
				SWIFT_OPTIMIZATION_LEVEL = "-Onone";
			};
			name = Debug;
		};
		96C9A7342C48810C006ABB2C /* Release */ = {
			isa = XCBuildConfiguration;
			buildSettings = {
				ALWAYS_SEARCH_USER_PATHS = NO;
				ASSETCATALOG_COMPILER_GENERATE_SWIFT_ASSET_SYMBOL_EXTENSIONS = YES;
				CLANG_ANALYZER_NONNULL = YES;
				CLANG_ANALYZER_NUMBER_OBJECT_CONVERSION = YES_AGGRESSIVE;
				CLANG_CXX_LANGUAGE_STANDARD = "gnu++20";
				CLANG_ENABLE_MODULES = YES;
				CLANG_ENABLE_OBJC_ARC = YES;
				CLANG_ENABLE_OBJC_WEAK = YES;
				CLANG_WARN_BLOCK_CAPTURE_AUTORELEASING = YES;
				CLANG_WARN_BOOL_CONVERSION = YES;
				CLANG_WARN_COMMA = YES;
				CLANG_WARN_CONSTANT_CONVERSION = YES;
				CLANG_WARN_DEPRECATED_OBJC_IMPLEMENTATIONS = YES;
				CLANG_WARN_DIRECT_OBJC_ISA_USAGE = YES_ERROR;
				CLANG_WARN_DOCUMENTATION_COMMENTS = YES;
				CLANG_WARN_EMPTY_BODY = YES;
				CLANG_WARN_ENUM_CONVERSION = YES;
				CLANG_WARN_INFINITE_RECURSION = YES;
				CLANG_WARN_INT_CONVERSION = YES;
				CLANG_WARN_NON_LITERAL_NULL_CONVERSION = YES;
				CLANG_WARN_OBJC_IMPLICIT_RETAIN_SELF = YES;
				CLANG_WARN_OBJC_LITERAL_CONVERSION = YES;
				CLANG_WARN_OBJC_ROOT_CLASS = YES_ERROR;
				CLANG_WARN_QUOTED_INCLUDE_IN_FRAMEWORK_HEADER = YES;
				CLANG_WARN_RANGE_LOOP_ANALYSIS = YES;
				CLANG_WARN_STRICT_PROTOTYPES = YES;
				CLANG_WARN_SUSPICIOUS_MOVE = YES;
				CLANG_WARN_UNGUARDED_AVAILABILITY = YES_AGGRESSIVE;
				CLANG_WARN_UNREACHABLE_CODE = YES;
				CLANG_WARN__DUPLICATE_METHOD_MATCH = YES;
				COPY_PHASE_STRIP = NO;
				DEBUG_INFORMATION_FORMAT = "dwarf-with-dsym";
				ENABLE_NS_ASSERTIONS = NO;
				ENABLE_STRICT_OBJC_MSGSEND = YES;
				ENABLE_USER_SCRIPT_SANDBOXING = YES;
				GCC_C_LANGUAGE_STANDARD = gnu17;
				GCC_NO_COMMON_BLOCKS = YES;
				GCC_WARN_64_TO_32_BIT_CONVERSION = YES;
				GCC_WARN_ABOUT_RETURN_TYPE = YES_ERROR;
				GCC_WARN_UNDECLARED_SELECTOR = YES;
				GCC_WARN_UNINITIALIZED_AUTOS = YES_AGGRESSIVE;
				GCC_WARN_UNUSED_FUNCTION = YES;
				GCC_WARN_UNUSED_VARIABLE = YES;
				IPHONEOS_DEPLOYMENT_TARGET = 17.5;
				LOCALIZATION_PREFERS_STRING_CATALOGS = YES;
				MTL_ENABLE_DEBUG_INFO = NO;
				MTL_FAST_MATH = YES;
				SDKROOT = iphoneos;
				SWIFT_COMPILATION_MODE = wholemodule;
				VALIDATE_PRODUCT = YES;
			};
			name = Release;
		};
		96C9A7362C48810C006ABB2C /* Debug */ = {
			isa = XCBuildConfiguration;
			buildSettings = {
				ASSETCATALOG_COMPILER_APPICON_NAME = AppIcon;
				ASSETCATALOG_COMPILER_GLOBAL_ACCENT_COLOR_NAME = AccentColor;
				CODE_SIGN_STYLE = Automatic;
				CURRENT_PROJECT_VERSION = 1;
				GENERATE_INFOPLIST_FILE = YES;
				INFOPLIST_FILE = Driveme_iOS/Info.plist;
				INFOPLIST_KEY_UIApplicationSupportsIndirectInputEvents = YES;
				INFOPLIST_KEY_UILaunchStoryboardName = LaunchScreen;
				INFOPLIST_KEY_UIMainStoryboardFile = Main;
				INFOPLIST_KEY_UISupportedInterfaceOrientations_iPad = "UIInterfaceOrientationPortrait UIInterfaceOrientationPortraitUpsideDown UIInterfaceOrientationLandscapeLeft UIInterfaceOrientationLandscapeRight";
				INFOPLIST_KEY_UISupportedInterfaceOrientations_iPhone = "UIInterfaceOrientationPortrait UIInterfaceOrientationLandscapeLeft UIInterfaceOrientationLandscapeRight";
				LD_RUNPATH_SEARCH_PATHS = (
					"$(inherited)",
					"@executable_path/Frameworks",
				);
				MARKETING_VERSION = 1.0;
				PRODUCT_BUNDLE_IDENTIFIER = "ca.georgian.adityachintha.Driveme-iOS";
				PRODUCT_NAME = "$(TARGET_NAME)";
				SWIFT_EMIT_LOC_STRINGS = YES;
				SWIFT_VERSION = 5.0;
				TARGETED_DEVICE_FAMILY = "1,2";
			};
			name = Debug;
		};
		96C9A7372C48810C006ABB2C /* Release */ = {
			isa = XCBuildConfiguration;
			buildSettings = {
				ASSETCATALOG_COMPILER_APPICON_NAME = AppIcon;
				ASSETCATALOG_COMPILER_GLOBAL_ACCENT_COLOR_NAME = AccentColor;
				CODE_SIGN_STYLE = Automatic;
				CURRENT_PROJECT_VERSION = 1;
				GENERATE_INFOPLIST_FILE = YES;
				INFOPLIST_FILE = Driveme_iOS/Info.plist;
				INFOPLIST_KEY_UIApplicationSupportsIndirectInputEvents = YES;
				INFOPLIST_KEY_UILaunchStoryboardName = LaunchScreen;
				INFOPLIST_KEY_UIMainStoryboardFile = Main;
				INFOPLIST_KEY_UISupportedInterfaceOrientations_iPad = "UIInterfaceOrientationPortrait UIInterfaceOrientationPortraitUpsideDown UIInterfaceOrientationLandscapeLeft UIInterfaceOrientationLandscapeRight";
				INFOPLIST_KEY_UISupportedInterfaceOrientations_iPhone = "UIInterfaceOrientationPortrait UIInterfaceOrientationLandscapeLeft UIInterfaceOrientationLandscapeRight";
				LD_RUNPATH_SEARCH_PATHS = (
					"$(inherited)",
					"@executable_path/Frameworks",
				);
				MARKETING_VERSION = 1.0;
				PRODUCT_BUNDLE_IDENTIFIER = "ca.georgian.adityachintha.Driveme-iOS";
				PRODUCT_NAME = "$(TARGET_NAME)";
				SWIFT_EMIT_LOC_STRINGS = YES;
				SWIFT_VERSION = 5.0;
				TARGETED_DEVICE_FAMILY = "1,2";
			};
			name = Release;
		};
/* End XCBuildConfiguration section */

/* Begin XCConfigurationList section */
		96C9A7192C48810A006ABB2C /* Build configuration list for PBXProject "Driveme_iOS" */ = {
			isa = XCConfigurationList;
			buildConfigurations = (
				96C9A7332C48810C006ABB2C /* Debug */,
				96C9A7342C48810C006ABB2C /* Release */,
			);
			defaultConfigurationIsVisible = 0;
			defaultConfigurationName = Release;
		};
		96C9A7352C48810C006ABB2C /* Build configuration list for PBXNativeTarget "Driveme_iOS" */ = {
			isa = XCConfigurationList;
			buildConfigurations = (
				96C9A7362C48810C006ABB2C /* Debug */,
				96C9A7372C48810C006ABB2C /* Release */,
			);
			defaultConfigurationIsVisible = 0;
			defaultConfigurationName = Release;
		};
/* End XCConfigurationList section */

/* Begin XCVersionGroup section */
		96C9A72A2C48810A006ABB2C /* Driveme_iOS.xcdatamodeld */ = {
			isa = XCVersionGroup;
			children = (
				96C9A72B2C48810A006ABB2C /* Driveme_iOS.xcdatamodel */,
			);
			currentVersion = 96C9A72B2C48810A006ABB2C /* Driveme_iOS.xcdatamodel */;
			path = Driveme_iOS.xcdatamodeld;
			sourceTree = "<group>";
			versionGroupType = wrapper.xcdatamodel;
		};
/* End XCVersionGroup section */
	};
	rootObject = 96C9A7162C48810A006ABB2C /* Project object */;
}
